{
  "name": "@waoooolab/dev-norm-kit",
  "version": "0.1.3",
  "lockfileVersion": 3,
  "requires": true,
  "packages": {
    "": {
      "name": "@waoooolab/dev-norm-kit",
      "version": "0.1.3",
      "dependencies": {
        "cli-menu-kit": "^0.2.1"
      },
      "bin": {
        "acp-cli-dev-norm": "bin/acp-cli-dev-norm.mjs",
        "dev-norm": "bin/dev-norm.mjs",
        "dnk": "bin/dnk.mjs",
        "dnk-tui": "bin/dnk-tui.mjs"
      }
    },
    "node_modules/cli-menu-kit": {
      "version": "0.2.1",
      "resolved": "https://registry.npmjs.org/cli-menu-kit/-/cli-menu-kit-0.2.1.tgz",
      "integrity": "sha512-1JPjhMojkPuAWdD7d9EcHTvEuj4nJvUe1qRgkDd1+Ma6IjqPh+/X9LL5R2PAcwjlIor3PpDyZf9uI6AkCtglKA==",
      "license": "MIT",
      "dependencies": {
        "figlet": "^1.10.0"
      },
      "engines": {
        "node": ">=14.0.0"
      }
    },
    "node_modules/commander": {
      "version": "14.0.3",
      "resolved": "https://registry.npmjs.org/commander/-/commander-14.0.3.tgz",
      "integrity": "sha512-H+y0Jo/T1RZ9qPP4Eh1pkcQcLRglraJaSLoyOtHxu6AapkjWVCy2Sit1QQ4x3Dng8qDlSsZEet7g5Pq06MvTgw==",
      "license": "MIT",
      "engines": {
        "node": ">=20"
      }
    },
    "node_modules/figlet": {
      "version": "1.10.0",
      "resolved": "https://registry.npmjs.org/figlet/-/figlet-1.10.0.tgz",
      "integrity": "sha512-aktIwEZZ6Gp9AWdMXW4YCi0J2Ahuxo67fNJRUIWD81w8pQ0t9TS8FFpbl27ChlTLF06VkwjDesZSzEVzN75rzA==",
      "license": "MIT",
      "dependencies": {
        "commander": "^14.0.0"
      },
      "bin": {
        "figlet": "bin/index.js"
      },
      "engines": {
        "node": ">= 17.0.0"
      }
    }
  }
}
