{
  "name": "@waoooolab/dev-norm-kit",
  "version": "0.1.0",
  "lockfileVersion": 3,
  "requires": true,
  "packages": {
    "": {
      "name": "@waoooolab/dev-norm-kit",
      "version": "0.1.0",
      "bin": {
        "acp-cli-dev-norm": "bin/acp-cli-dev-norm.mjs",
        "dev-norm": "bin/dev-norm.mjs",
        "dnk": "bin/dnk.mjs"
      }
    }
  }
}
